
Microsoft Visual Studio Solution File, Format Version 12.00
# Visual Studio Version 16
VisualStudioVersion = 16.0.31613.86
MinimumVisualStudioVersion = 10.0.40219.1
Project("{FAE04EC0-301F-11D3-BF4B-00C04F79EFBC}") = "GrpcExample1", "GrpcExample1\GrpcExample1.csproj", "{B62CC8BC-C122-4B8C-9068-A9D421B396D2}"
EndProject
Project("{FAE04EC0-301F-11D3-BF4B-00C04F79EFBC}") = "GrpcExample1.Consumer", "GrpcExample1.Consumer\GrpcExample1.Consumer.csproj", "{72BB9CAA-5AF8-4A0F-BCE0-51D2740AB69D}"
EndProject
Global
	GlobalSection(SolutionConfigurationPlatforms) = preSolution
		Debug|Any CPU = Debug|Any CPU
		Release|Any CPU = Release|Any CPU
	EndGlobalSection
	GlobalSection(ProjectConfigurationPlatforms) = postSolution
		{B62CC8BC-C122-4B8C-9068-A9D421B396D2}.Debug|Any CPU.ActiveCfg = Debug|Any CPU
		{B62CC8BC-C122-4B8C-9068-A9D421B396D2}.Debug|Any CPU.Build.0 = Debug|Any CPU
		{B62CC8BC-C122-4B8C-9068-A9D421B396D2}.Release|Any CPU.ActiveCfg = Release|Any CPU
		{B62CC8BC-C122-4B8C-9068-A9D421B396D2}.Release|Any CPU.Build.0 = Release|Any CPU
		{72BB9CAA-5AF8-4A0F-BCE0-51D2740AB69D}.Debug|Any CPU.ActiveCfg = Debug|Any CPU
		{72BB9CAA-5AF8-4A0F-BCE0-51D2740AB69D}.Debug|Any CPU.Build.0 = Debug|Any CPU
		{72BB9CAA-5AF8-4A0F-BCE0-51D2740AB69D}.Release|Any CPU.ActiveCfg = Release|Any CPU
		{72BB9CAA-5AF8-4A0F-BCE0-51D2740AB69D}.Release|Any CPU.Build.0 = Release|Any CPU
	EndGlobalSection
	GlobalSection(SolutionProperties) = preSolution
		HideSolutionNode = FALSE
	EndGlobalSection
	GlobalSection(ExtensibilityGlobals) = postSolution
		SolutionGuid = {FBC0FECD-76A8-4317-83B2-7E98727C9AD4}
	EndGlobalSection
EndGlobal
